
Microsoft Visual Studio Solution File, Format Version 12.00
# Visual Studio Version 17
VisualStudioVersion = 17.5.33424.131
MinimumVisualStudioVersion = 10.0.40219.1
Project("{FAE04EC0-301F-11D3-BF4B-00C04F79EFBC}") = "ЛюбитьиЗащищать", "ЛюбитьиЗащищать.csproj", "{D4372B56-8AD2-4920-BAA4-A68AC4BE7790}"
EndProject
Global
	GlobalSection(SolutionConfigurationPlatforms) = preSolution
		Debug|Any CPU = Debug|Any CPU
		Release|Any CPU = Release|Any CPU
	EndGlobalSection
	GlobalSection(ProjectConfigurationPlatforms) = postSolution
		{D4372B56-8AD2-4920-BAA4-A68AC4BE7790}.Debug|Any CPU.ActiveCfg = Debug|Any CPU
		{D4372B56-8AD2-4920-BAA4-A68AC4BE7790}.Debug|Any CPU.Build.0 = Debug|Any CPU
		{D4372B56-8AD2-4920-BAA4-A68AC4BE7790}.Release|Any CPU.ActiveCfg = Release|Any CPU
		{D4372B56-8AD2-4920-BAA4-A68AC4BE7790}.Release|Any CPU.Build.0 = Release|Any CPU
	EndGlobalSection
	GlobalSection(SolutionProperties) = preSolution
		HideSolutionNode = FALSE
	EndGlobalSection
	GlobalSection(ExtensibilityGlobals) = postSolution
		SolutionGuid = {011129E9-F390-4F37-A8DD-DDCC6FC914C7}
	EndGlobalSection
EndGlobal
